{
  "name": "electron-react-boilerplate",
  "version": "1.0.0",
  "lockfileVersion": 1,
  "requires": true,
  "dependencies": {
    "classnames": {
      "version": "2.2.5",
      "resolved": "https://registry.npmjs.org/classnames/-/classnames-2.2.5.tgz",
      "integrity": "sha1-+zgB1FNGdknvNgPH1hoCvRKb3m0="
    },
    "feather-icons": {
      "version": "4.7.0",
      "resolved": "https://registry.npmjs.org/feather-icons/-/feather-icons-4.7.0.tgz",
      "integrity": "sha512-/dKhEelpOazdN0MtcBZTgqo1tZHn35y40V0sGPi6FzzwNbQ5H6vzTqYWWMeRtKw5JePmog7RthR/PYPA1lYNFA==",
      "requires": {
        "classnames": "2.2.5"
      }
    }
  }
}
