# THIS IS AN AUTOGENERATED FILE. DO NOT EDIT THIS FILE DIRECTLY.
# yarn lockfile v1


classnames@^2.2.5:
  version "2.2.5"
  resolved "https://registry.yarnpkg.com/classnames/-/classnames-2.2.5.tgz#fb3801d453467649ef3603c7d61a02bd129bde6d"

feather-icons@^4.7.0:
  version "4.7.0"
  resolved "https://registry.yarnpkg.com/feather-icons/-/feather-icons-4.7.0.tgz#78b4c78022f091b94e57b1b6fc81721a76387cfd"
  dependencies:
    classnames "^2.2.5"
